
Microsoft Visual Studio Solution File, Format Version 12.00
# Visual Studio Version 17
VisualStudioVersion = 17.3.32922.545
MinimumVisualStudioVersion = 10.0.40219.1
Project("{FAE04EC0-301F-11D3-BF4B-00C04F79EFBC}") = "LoudnessMeter", "LoudnessMeter\LoudnessMeter.csproj", "{D8ABE876-7EA3-46E2-BA98-8E6C0BD9BAFC}"
EndProject
Global
	GlobalSection(SolutionConfigurationPlatforms) = preSolution
		Debug|Any CPU = Debug|Any CPU
		Release|Any CPU = Release|Any CPU
	EndGlobalSection
	GlobalSection(ProjectConfigurationPlatforms) = postSolution
		{D8ABE876-7EA3-46E2-BA98-8E6C0BD9BAFC}.Debug|Any CPU.ActiveCfg = Debug|Any CPU
		{D8ABE876-7EA3-46E2-BA98-8E6C0BD9BAFC}.Debug|Any CPU.Build.0 = Debug|Any CPU
		{D8ABE876-7EA3-46E2-BA98-8E6C0BD9BAFC}.Release|Any CPU.ActiveCfg = Release|Any CPU
		{D8ABE876-7EA3-46E2-BA98-8E6C0BD9BAFC}.Release|Any CPU.Build.0 = Release|Any CPU
	EndGlobalSection
	GlobalSection(SolutionProperties) = preSolution
		HideSolutionNode = FALSE
	EndGlobalSection
	GlobalSection(ExtensibilityGlobals) = postSolution
		SolutionGuid = {54A013D6-5198-424B-A3E1-BA3E4A910015}
	EndGlobalSection
EndGlobal
